
Microsoft Visual Studio Solution File, Format Version 12.00
# Visual Studio Version 16
VisualStudioVersion = 16.0.29728.190
MinimumVisualStudioVersion = 10.0.40219.1
Project("{FAE04EC0-301F-11D3-BF4B-00C04F79EFBC}") = "Practica9", "Practica9.csproj", "{6ED0B7FA-F985-4D34-96F9-F0A30F52AB4E}"
EndProject
Global
	GlobalSection(SolutionConfigurationPlatforms) = preSolution
		Debug|Any CPU = Debug|Any CPU
		Release|Any CPU = Release|Any CPU
	EndGlobalSection
	GlobalSection(ProjectConfigurationPlatforms) = postSolution
		{6ED0B7FA-F985-4D34-96F9-F0A30F52AB4E}.Debug|Any CPU.ActiveCfg = Debug|Any CPU
		{6ED0B7FA-F985-4D34-96F9-F0A30F52AB4E}.Debug|Any CPU.Build.0 = Debug|Any CPU
		{6ED0B7FA-F985-4D34-96F9-F0A30F52AB4E}.Release|Any CPU.ActiveCfg = Release|Any CPU
		{6ED0B7FA-F985-4D34-96F9-F0A30F52AB4E}.Release|Any CPU.Build.0 = Release|Any CPU
	EndGlobalSection
	GlobalSection(SolutionProperties) = preSolution
		HideSolutionNode = FALSE
	EndGlobalSection
	GlobalSection(ExtensibilityGlobals) = postSolution
		SolutionGuid = {1286B232-B21A-41CE-9B1D-E20E1DC6F905}
	EndGlobalSection
EndGlobal
